// !$*UTF8*$!
{
	archiveVersion = 1;
	classes = {
	};
	objectVersion = 46;
	objects = {

/* Begin PBXBuildFile section */
		48E43EE91C0CA42700698574 /* AppDelegate.m in Sources */ = {isa = PBXBuildFile; fileRef = 48E43EE81C0CA42700698574 /* AppDelegate.m */; };
		48E43EEC1C0CA42700698574 /* main.m in Sources */ = {isa = PBXBuildFile; fileRef = 48E43EEB1C0CA42700698574 /* main.m */; };
		48E43EEE1C0CA42700698574 /* Assets.xcassets in Resources */ = {isa = PBXBuildFile; fileRef = 48E43EED1C0CA42700698574 /* Assets.xcassets */; };
		48E43EF11C0CA42700698574 /* MainMenu.xib in Resources */ = {isa = PBXBuildFile; fileRef = 48E43EEF1C0CA42700698574 /* MainMenu.xib */; };
		48E43EFA1C0CA45D00698574 /* SSYVectorImages.m in Sources */ = {isa = PBXBuildFile; fileRef = 48E43EF91C0CA45D00698574 /* SSYVectorImages.m */; };
		48E43EFD1C0CA6A200698574 /* NSImage+Transform.m in Sources */ = {isa = PBXBuildFile; fileRef = 48E43EFC1C0CA6A200698574 /* NSImage+Transform.m */; };
/* End PBXBuildFile section */

/* Begin PBXFileReference section */
		48B5955C1D5D2FAF001B0B9E /* README.md */ = {isa = PBXFileReference; lastKnownFileType = net.daringfireball.markdown; path = README.md; sourceTree = "<group>"; wrapsLines = 1; };
		48E43EE41C0CA42700698574 /* SSYVectorImageTester.app */ = {isa = PBXFileReference; explicitFileType = wrapper.application; includeInIndex = 0; path = SSYVectorImageTester.app; sourceTree = BUILT_PRODUCTS_DIR; };
		48E43EE71C0CA42700698574 /* AppDelegate.h */ = {isa = PBXFileReference; lastKnownFileType = sourcecode.c.h; path = AppDelegate.h; sourceTree = "<group>"; };
		48E43EE81C0CA42700698574 /* AppDelegate.m */ = {isa = PBXFileReference; lastKnownFileType = sourcecode.c.objc; path = AppDelegate.m; sourceTree = "<group>"; };
		48E43EEB1C0CA42700698574 /* main.m */ = {isa = PBXFileReference; lastKnownFileType = sourcecode.c.objc; path = main.m; sourceTree = "<group>"; };
		48E43EED1C0CA42700698574 /* Assets.xcassets */ = {isa = PBXFileReference; lastKnownFileType = folder.assetcatalog; path = Assets.xcassets; sourceTree = "<group>"; };
		48E43EF01C0CA42700698574 /* Base */ = {isa = PBXFileReference; lastKnownFileType = file.xib; name = Base; path = Base.lproj/MainMenu.xib; sourceTree = "<group>"; };
		48E43EF21C0CA42700698574 /* Info.plist */ = {isa = PBXFileReference; lastKnownFileType = text.plist.xml; path = Info.plist; sourceTree = "<group>"; };
		48E43EF81C0CA45D00698574 /* SSYVectorImages.h */ = {isa = PBXFileReference; fileEncoding = 4; lastKnownFileType = sourcecode.c.h; path = SSYVectorImages.h; sourceTree = "<group>"; };
		48E43EF91C0CA45D00698574 /* SSYVectorImages.m */ = {isa = PBXFileReference; fileEncoding = 4; lastKnownFileType = sourcecode.c.objc; path = SSYVectorImages.m; sourceTree = "<group>"; };
		48E43EFB1C0CA6A200698574 /* NSImage+Transform.h */ = {isa = PBXFileReference; fileEncoding = 4; lastKnownFileType = sourcecode.c.h; path = "NSImage+Transform.h"; sourceTree = "<group>"; };
		48E43EFC1C0CA6A200698574 /* NSImage+Transform.m */ = {isa = PBXFileReference; fileEncoding = 4; lastKnownFileType = sourcecode.c.objc; path = "NSImage+Transform.m"; sourceTree = "<group>"; };
/* End PBXFileReference section */

/* Begin PBXFrameworksBuildPhase section */
		48E43EE11C0CA42700698574 /* Frameworks */ = {
			isa = PBXFrameworksBuildPhase;
			buildActionMask = 2147483647;
			files = (
			);
			runOnlyForDeploymentPostprocessing = 0;
		};
/* End PBXFrameworksBuildPhase section */

/* Begin PBXGroup section */
		48E43EDB1C0CA42600698574 = {
			isa = PBXGroup;
			children = (
				48B5955C1D5D2FAF001B0B9E /* README.md */,
				48E43EE61C0CA42700698574 /* SSYVectorImageTester */,
				48E43EE51C0CA42700698574 /* Products */,
			);
			sourceTree = "<group>";
		};
		48E43EE51C0CA42700698574 /* Products */ = {
			isa = PBXGroup;
			children = (
				48E43EE41C0CA42700698574 /* SSYVectorImageTester.app */,
			);
			name = Products;
			sourceTree = "<group>";
		};
		48E43EE61C0CA42700698574 /* SSYVectorImageTester */ = {
			isa = PBXGroup;
			children = (
				48E43EFB1C0CA6A200698574 /* NSImage+Transform.h */,
				48E43EFC1C0CA6A200698574 /* NSImage+Transform.m */,
				48E43EF81C0CA45D00698574 /* SSYVectorImages.h */,
				48E43EF91C0CA45D00698574 /* SSYVectorImages.m */,
				48E43EE71C0CA42700698574 /* AppDelegate.h */,
				48E43EE81C0CA42700698574 /* AppDelegate.m */,
				48E43EED1C0CA42700698574 /* Assets.xcassets */,
				48E43EEF1C0CA42700698574 /* MainMenu.xib */,
				48E43EF21C0CA42700698574 /* Info.plist */,
				48E43EEA1C0CA42700698574 /* Supporting Files */,
			);
			path = SSYVectorImageTester;
			sourceTree = "<group>";
		};
		48E43EEA1C0CA42700698574 /* Supporting Files */ = {
			isa = PBXGroup;
			children = (
				48E43EEB1C0CA42700698574 /* main.m */,
			);
			name = "Supporting Files";
			sourceTree = "<group>";
		};
/* End PBXGroup section */

/* Begin PBXNativeTarget section */
		48E43EE31C0CA42700698574 /* SSYVectorImageTester */ = {
			isa = PBXNativeTarget;
			buildConfigurationList = 48E43EF51C0CA42700698574 /* Build configuration list for PBXNativeTarget "SSYVectorImageTester" */;
			buildPhases = (
				48E43EE01C0CA42700698574 /* Sources */,
				48E43EE11C0CA42700698574 /* Frameworks */,
				48E43EE21C0CA42700698574 /* Resources */,
			);
			buildRules = (
			);
			dependencies = (
			);
			name = SSYVectorImageTester;
			productName = SSYVectorImageTester;
			productReference = 48E43EE41C0CA42700698574 /* SSYVectorImageTester.app */;
			productType = "com.apple.product-type.application";
		};
/* End PBXNativeTarget section */

/* Begin PBXProject section */
		48E43EDC1C0CA42700698574 /* Project object */ = {
			isa = PBXProject;
			attributes = {
				LastUpgradeCheck = 0710;
				ORGANIZATIONNAME = Jerry;
				TargetAttributes = {
					48E43EE31C0CA42700698574 = {
						CreatedOnToolsVersion = 7.1.1;
					};
				};
			};
			buildConfigurationList = 48E43EDF1C0CA42700698574 /* Build configuration list for PBXProject "SSYVectorImageTester" */;
			compatibilityVersion = "Xcode 3.2";
			developmentRegion = English;
			hasScannedForEncodings = 0;
			knownRegions = (
				en,
				Base,
			);
			mainGroup = 48E43EDB1C0CA42600698574;
			productRefGroup = 48E43EE51C0CA42700698574 /* Products */;
			projectDirPath = "";
			projectRoot = "";
			targets = (
				48E43EE31C0CA42700698574 /* SSYVectorImageTester */,
			);
		};
/* End PBXProject section */

/* Begin PBXResourcesBuildPhase section */
		48E43EE21C0CA42700698574 /* Resources */ = {
			isa = PBXResourcesBuildPhase;
			buildActionMask = 2147483647;
			files = (
				48E43EEE1C0CA42700698574 /* Assets.xcassets in Resources */,
				48E43EF11C0CA42700698574 /* MainMenu.xib in Resources */,
			);
			runOnlyForDeploymentPostprocessing = 0;
		};
/* End PBXResourcesBuildPhase section */

/* Begin PBXSourcesBuildPhase section */
		48E43EE01C0CA42700698574 /* Sources */ = {
			isa = PBXSourcesBuildPhase;
			buildActionMask = 2147483647;
			files = (
				48E43EFA1C0CA45D00698574 /* SSYVectorImages.m in Sources */,
				48E43EFD1C0CA6A200698574 /* NSImage+Transform.m in Sources */,
				48E43EEC1C0CA42700698574 /* main.m in Sources */,
				48E43EE91C0CA42700698574 /* AppDelegate.m in Sources */,
			);
			runOnlyForDeploymentPostprocessing = 0;
		};
/* End PBXSourcesBuildPhase section */

/* Begin PBXVariantGroup section */
		48E43EEF1C0CA42700698574 /* MainMenu.xib */ = {
			isa = PBXVariantGroup;
			children = (
				48E43EF01C0CA42700698574 /* Base */,
			);
			name = MainMenu.xib;
			sourceTree = "<group>";
		};
/* End PBXVariantGroup section */

/* Begin XCBuildConfiguration section */
		48E43EF31C0CA42700698574 /* Debug */ = {
			isa = XCBuildConfiguration;
			buildSettings = {
				ALWAYS_SEARCH_USER_PATHS = NO;
				CLANG_CXX_LANGUAGE_STANDARD = "gnu++0x";
				CLANG_CXX_LIBRARY = "libc++";
				CLANG_ENABLE_MODULES = YES;
				CLANG_ENABLE_OBJC_ARC = YES;
				CLANG_WARN_BOOL_CONVERSION = YES;
				CLANG_WARN_CONSTANT_CONVERSION = YES;
				CLANG_WARN_DIRECT_OBJC_ISA_USAGE = YES_ERROR;
				CLANG_WARN_EMPTY_BODY = YES;
				CLANG_WARN_ENUM_CONVERSION = YES;
				CLANG_WARN_INT_CONVERSION = YES;
				CLANG_WARN_OBJC_ROOT_CLASS = YES_ERROR;
				CLANG_WARN_UNREACHABLE_CODE = YES;
				CLANG_WARN__DUPLICATE_METHOD_MATCH = YES;
				CODE_SIGN_IDENTITY = "-";
				COPY_PHASE_STRIP = NO;
				DEBUG_INFORMATION_FORMAT = dwarf;
				ENABLE_STRICT_OBJC_MSGSEND = YES;
				ENABLE_TESTABILITY = YES;
				GCC_C_LANGUAGE_STANDARD = gnu99;
				GCC_DYNAMIC_NO_PIC = NO;
				GCC_NO_COMMON_BLOCKS = YES;
				GCC_OPTIMIZATION_LEVEL = 0;
				GCC_PREPROCESSOR_DEFINITIONS = (
					"DEBUG=1",
					"$(inherited)",
				);
				GCC_WARN_64_TO_32_BIT_CONVERSION = YES;
				GCC_WARN_ABOUT_RETURN_TYPE = YES_ERROR;
				GCC_WARN_UNDECLARED_SELECTOR = YES;
				GCC_WARN_UNINITIALIZED_AUTOS = YES_AGGRESSIVE;
				GCC_WARN_UNUSED_FUNCTION = YES;
				GCC_WARN_UNUSED_VARIABLE = YES;
				MACOSX_DEPLOYMENT_TARGET = 10.11;
				MTL_ENABLE_DEBUG_INFO = YES;
				ONLY_ACTIVE_ARCH = YES;
				SDKROOT = macosx;
			};
			name = Debug;
		};
		48E43EF41C0CA42700698574 /* Release */ = {
			isa = XCBuildConfiguration;
			buildSettings = {
				ALWAYS_SEARCH_USER_PATHS = NO;
				CLANG_CXX_LANGUAGE_STANDARD = "gnu++0x";
				CLANG_CXX_LIBRARY = "libc++";
				CLANG_ENABLE_MODULES = YES;
				CLANG_ENABLE_OBJC_ARC = YES;
				CLANG_WARN_BOOL_CONVERSION = YES;
				CLANG_WARN_CONSTANT_CONVERSION = YES;
				CLANG_WARN_DIRECT_OBJC_ISA_USAGE = YES_ERROR;
				CLANG_WARN_EMPTY_BODY = YES;
				CLANG_WARN_ENUM_CONVERSION = YES;
				CLANG_WARN_INT_CONVERSION = YES;
				CLANG_WARN_OBJC_ROOT_CLASS = YES_ERROR;
				CLANG_WARN_UNREACHABLE_CODE = YES;
				CLANG_WARN__DUPLICATE_METHOD_MATCH = YES;
				CODE_SIGN_IDENTITY = "-";
				COPY_PHASE_STRIP = NO;
				DEBUG_INFORMATION_FORMAT = "dwarf-with-dsym";
				ENABLE_NS_ASSERTIONS = NO;
				ENABLE_STRICT_OBJC_MSGSEND = YES;
				GCC_C_LANGUAGE_STANDARD = gnu99;
				GCC_NO_COMMON_BLOCKS = YES;
				GCC_WARN_64_TO_32_BIT_CONVERSION = YES;
				GCC_WARN_ABOUT_RETURN_TYPE = YES_ERROR;
				GCC_WARN_UNDECLARED_SELECTOR = YES;
				GCC_WARN_UNINITIALIZED_AUTOS = YES_AGGRESSIVE;
				GCC_WARN_UNUSED_FUNCTION = YES;
				GCC_WARN_UNUSED_VARIABLE = YES;
				MACOSX_DEPLOYMENT_TARGET = 10.11;
				MTL_ENABLE_DEBUG_INFO = NO;
				SDKROOT = macosx;
			};
			name = Release;
		};
		48E43EF61C0CA42700698574 /* Debug */ = {
			isa = XCBuildConfiguration;
			buildSettings = {
				ASSETCATALOG_COMPILER_APPICON_NAME = AppIcon;
				COMBINE_HIDPI_IMAGES = YES;
				INFOPLIST_FILE = SSYVectorImageTester/Info.plist;
				LD_RUNPATH_SEARCH_PATHS = "$(inherited) @executable_path/../Frameworks";
				PRODUCT_BUNDLE_IDENTIFIER = com.sheepsystems.SSYVectorImageTester;
				PRODUCT_NAME = "$(TARGET_NAME)";
			};
			name = Debug;
		};
		48E43EF71C0CA42700698574 /* Release */ = {
			isa = XCBuildConfiguration;
			buildSettings = {
				ASSETCATALOG_COMPILER_APPICON_NAME = AppIcon;
				COMBINE_HIDPI_IMAGES = YES;
				INFOPLIST_FILE = SSYVectorImageTester/Info.plist;
				LD_RUNPATH_SEARCH_PATHS = "$(inherited) @executable_path/../Frameworks";
				PRODUCT_BUNDLE_IDENTIFIER = com.sheepsystems.SSYVectorImageTester;
				PRODUCT_NAME = "$(TARGET_NAME)";
			};
			name = Release;
		};
/* End XCBuildConfiguration section */

/* Begin XCConfigurationList section */
		48E43EDF1C0CA42700698574 /* Build configuration list for PBXProject "SSYVectorImageTester" */ = {
			isa = XCConfigurationList;
			buildConfigurations = (
				48E43EF31C0CA42700698574 /* Debug */,
				48E43EF41C0CA42700698574 /* Release */,
			);
			defaultConfigurationIsVisible = 0;
			defaultConfigurationName = Release;
		};
		48E43EF51C0CA42700698574 /* Build configuration list for PBXNativeTarget "SSYVectorImageTester" */ = {
			isa = XCConfigurationList;
			buildConfigurations = (
				48E43EF61C0CA42700698574 /* Debug */,
				48E43EF71C0CA42700698574 /* Release */,
			);
			defaultConfigurationIsVisible = 0;
			defaultConfigurationName = Release;
		};
/* End XCConfigurationList section */
	};
	rootObject = 48E43EDC1C0CA42700698574 /* Project object */;
}
